
Microsoft Visual Studio Solution File, Format Version 12.00
# Visual Studio Version 17
VisualStudioVersion = 17.5.33424.131
MinimumVisualStudioVersion = 10.0.40219.1
Project("{9A19103F-16F7-4668-BE54-9A1E7A4F7556}") = "Cwk-Booking.Domain", "Cwk-Booking.Domain\Cwk-Booking.Domain.csproj", "{53DC69CB-C76D-4BB5-9344-F5F748276263}"
EndProject
Project("{9A19103F-16F7-4668-BE54-9A1E7A4F7556}") = "Cwk-Bookinng.Dal", "Cwk-Bookinng.Dal\Cwk-Bookinng.Dal.csproj", "{D865B1F8-0E47-473F-AAEA-E7C521B49621}"
EndProject
Project("{9A19103F-16F7-4668-BE54-9A1E7A4F7556}") = "Cwk-Booking.Services", "Cwk-Booking.Services\Cwk-Booking.Services.csproj", "{E08ED9CC-8B99-4A01-A573-E15918CC79E7}"
EndProject
Project("{9A19103F-16F7-4668-BE54-9A1E7A4F7556}") = "Cwk-Booking.Api", "Cwk-Booking.Api\Cwk-Booking.Api.csproj", "{43F3FF77-8C48-4DBF-BB68-18282C3D4274}"
EndProject
Global
	GlobalSection(SolutionConfigurationPlatforms) = preSolution
		Debug|Any CPU = Debug|Any CPU
		Release|Any CPU = Release|Any CPU
	EndGlobalSection
	GlobalSection(ProjectConfigurationPlatforms) = postSolution
		{53DC69CB-C76D-4BB5-9344-F5F748276263}.Debug|Any CPU.ActiveCfg = Debug|Any CPU
		{53DC69CB-C76D-4BB5-9344-F5F748276263}.Debug|Any CPU.Build.0 = Debug|Any CPU
		{53DC69CB-C76D-4BB5-9344-F5F748276263}.Release|Any CPU.ActiveCfg = Release|Any CPU
		{53DC69CB-C76D-4BB5-9344-F5F748276263}.Release|Any CPU.Build.0 = Release|Any CPU
		{D865B1F8-0E47-473F-AAEA-E7C521B49621}.Debug|Any CPU.ActiveCfg = Debug|Any CPU
		{D865B1F8-0E47-473F-AAEA-E7C521B49621}.Debug|Any CPU.Build.0 = Debug|Any CPU
		{D865B1F8-0E47-473F-AAEA-E7C521B49621}.Release|Any CPU.ActiveCfg = Release|Any CPU
		{D865B1F8-0E47-473F-AAEA-E7C521B49621}.Release|Any CPU.Build.0 = Release|Any CPU
		{E08ED9CC-8B99-4A01-A573-E15918CC79E7}.Debug|Any CPU.ActiveCfg = Debug|Any CPU
		{E08ED9CC-8B99-4A01-A573-E15918CC79E7}.Debug|Any CPU.Build.0 = Debug|Any CPU
		{E08ED9CC-8B99-4A01-A573-E15918CC79E7}.Release|Any CPU.ActiveCfg = Release|Any CPU
		{E08ED9CC-8B99-4A01-A573-E15918CC79E7}.Release|Any CPU.Build.0 = Release|Any CPU
		{43F3FF77-8C48-4DBF-BB68-18282C3D4274}.Debug|Any CPU.ActiveCfg = Debug|Any CPU
		{43F3FF77-8C48-4DBF-BB68-18282C3D4274}.Debug|Any CPU.Build.0 = Debug|Any CPU
		{43F3FF77-8C48-4DBF-BB68-18282C3D4274}.Release|Any CPU.ActiveCfg = Release|Any CPU
		{43F3FF77-8C48-4DBF-BB68-18282C3D4274}.Release|Any CPU.Build.0 = Release|Any CPU
	EndGlobalSection
	GlobalSection(SolutionProperties) = preSolution
		HideSolutionNode = FALSE
	EndGlobalSection
	GlobalSection(ExtensibilityGlobals) = postSolution
		SolutionGuid = {E9B870DA-4CBD-42D4-9013-CDE5B457A26A}
	EndGlobalSection
EndGlobal
